
Microsoft Visual Studio Solution File, Format Version 11.00
# Visual Studio 2010
Project("{FAE04EC0-301F-11D3-BF4B-00C04F79EFBC}") = "VuforiaScripts", "VuforiaScripts.csproj", "{3CDC5E12-9284-0DB3-18EF-1D28EF676C0B}"
EndProject
Project("{FAE04EC0-301F-11D3-BF4B-00C04F79EFBC}") = "VuforiaEditorScripts", "VuforiaEditorScripts.csproj", "{C19C3F2C-FB00-9AE6-6426-41C41C7141BC}"
EndProject
Global
	GlobalSection(SolutionConfigurationPlatforms) = preSolution
		Debug|Any CPU = Debug|Any CPU
		Release|Any CPU = Release|Any CPU
	EndGlobalSection
	GlobalSection(ProjectConfigurationPlatforms) = postSolution
		{3CDC5E12-9284-0DB3-18EF-1D28EF676C0B}.Debug|Any CPU.ActiveCfg = Debug|Any CPU
		{3CDC5E12-9284-0DB3-18EF-1D28EF676C0B}.Debug|Any CPU.Build.0 = Debug|Any CPU
		{3CDC5E12-9284-0DB3-18EF-1D28EF676C0B}.Release|Any CPU.ActiveCfg = Release|Any CPU
		{3CDC5E12-9284-0DB3-18EF-1D28EF676C0B}.Release|Any CPU.Build.0 = Release|Any CPU
		{C19C3F2C-FB00-9AE6-6426-41C41C7141BC}.Debug|Any CPU.ActiveCfg = Debug|Any CPU
		{C19C3F2C-FB00-9AE6-6426-41C41C7141BC}.Debug|Any CPU.Build.0 = Debug|Any CPU
		{C19C3F2C-FB00-9AE6-6426-41C41C7141BC}.Release|Any CPU.ActiveCfg = Release|Any CPU
		{C19C3F2C-FB00-9AE6-6426-41C41C7141BC}.Release|Any CPU.Build.0 = Release|Any CPU
	EndGlobalSection
	GlobalSection(SolutionProperties) = preSolution
		HideSolutionNode = FALSE
	EndGlobalSection
EndGlobal
